github.com/k0kubun/colorstring v0.0.0-20150214042306-9440f1994b88 h1:uC1QfSlInpQF+M0ao65imhwqKnz3Q2z/d8PWZRMQvDM=
github.com/k0kubun/colorstring v0.0.0-20150214042306-9440f1994b88/go.mod h1:3w7q1U84EfirKl04SVQ/s7nPm1ZPhiXd34z40TNz36k=
github.com/k0kubun/pp v2.4.0+incompatible h1:M9iQzcejGfiBjDa7+Tc0rJgR7WFKP6rim/Q0DDrAT3g=
github.com/k0kubun/pp v2.4.0+incompatible/go.mod h1:GWse8YhT0p8pT4ir3ZgBbfZild3tgzSScAn6HmfYukg=
github.com/mattn/go-colorable v0.1.15 h1:+u9SLTRGnXv73cEsnsmoZBom+dMU88B2M0aDcWy0/jY=
github.com/mattn/go-colorable v0.1.15/go.mod h1:6LmQG8QLFO4G5z1gPvYEzlUgJ2wF+stgPZH1UqBm1s8=
github.com/mattn/go-isatty v0.0.20 h1:xfD0iDuEKnDkl03q4limB+vH+GxLEtL/jb4xVJSWWEY=
github.com/mattn/go-isatty v0.0.20/go.mod h1:W+V8PltTTMOvKvAeJH7IuucS94S2C6jfK/D7dTCTo3Y=
github.com/mattn/go-sqlite3 v1.14.48 h1:7XHIgl0a8HwOaiK4E47ozLkST78rR9+OtNGx27D/TFs=
github.com/mattn/go-sqlite3 v1.14.48/go.mod h1:6JTjA44L93a0QCyJef5YvlPoKXntQPjzWv5gtm9sB6w=
github.com/rp1s/colorista v0.0.0-20260708184842-4c40c097e1bc h1:EyaKAsMggq/tzcFe091scGXYAn+fVcZNhLWlSJCY8cY=
github.com/rp1s/colorista v0.0.0-20260708184842-4c40c097e1bc/go.mod h1:jDLOO2NdY6mhQXTTeaeujc+bQdGoxV8sOAP5Wh4ZgFc=
github.com/rp1s/digreyt v0.0.0-20260715015800-e45b5ec0f059 h1:GkBHyQyx90k9a4cKG1OtnOTKsKgb8Eby8f+89mUlN24=
github.com/rp1s/digreyt v0.0.0-20260715015800-e45b5ec0f059/go.mod h1:pazPRCUfcpGt7f38X6G2isD8a6IGMw3Nz7D5QNvj0RE=
github.com/rp1s/lipa v0.0.3 h1:1l1TErtb7IVVrKJPJUX44h5jIp5kYuedItBMaPwTcbo=
github.com/rp1s/lipa v0.0.3/go.mod h1:rur0nSWIR9sUtt+esfG502U+FXRCT1vPM4f2EKZ9T2w=
golang.org/x/sys v0.6.0/go.mod h1:oPkhp1MJrh7nUepCBck5+mAzfO9JrbApNNgaTdGDITg=
golang.org/x/sys v0.44.0 h1:ildZl3J4uzeKP07r2F++Op7E9B29JRUy+a27EibtBTQ=
golang.org/x/sys v0.44.0/go.mod h1:4GL1E5IUh+htKOUEOaiffhrAeqysfVGipDYzABqnCmw=
